
Microsoft Visual Studio Solution File, Format Version 12.00
# Visual Studio Version 17
VisualStudioVersion = 17.8.34330.188
MinimumVisualStudioVersion = 10.0.40219.1
Project("{9A19103F-16F7-4668-BE54-9A1E7A4F7556}") = "MCEJ", "MCEJ\MCEJ.csproj", "{4452D3AB-C4ED-47CD-9FAA-6515DB583705}"
EndProject
Project("{9A19103F-16F7-4668-BE54-9A1E7A4F7556}") = "Library Client", "Library Client\Library Client.csproj", "{560C53CD-083F-4BED-A6DC-808350CE0A36}"
EndProject
Global
	GlobalSection(SolutionConfigurationPlatforms) = preSolution
		Debug|Any CPU = Debug|Any CPU
		Release|Any CPU = Release|Any CPU
	EndGlobalSection
	GlobalSection(ProjectConfigurationPlatforms) = postSolution
		{4452D3AB-C4ED-47CD-9FAA-6515DB583705}.Debug|Any CPU.ActiveCfg = Debug|Any CPU
		{4452D3AB-C4ED-47CD-9FAA-6515DB583705}.Debug|Any CPU.Build.0 = Debug|Any CPU
		{4452D3AB-C4ED-47CD-9FAA-6515DB583705}.Release|Any CPU.ActiveCfg = Release|Any CPU
		{4452D3AB-C4ED-47CD-9FAA-6515DB583705}.Release|Any CPU.Build.0 = Release|Any CPU
		{560C53CD-083F-4BED-A6DC-808350CE0A36}.Debug|Any CPU.ActiveCfg = Debug|Any CPU
		{560C53CD-083F-4BED-A6DC-808350CE0A36}.Debug|Any CPU.Build.0 = Debug|Any CPU
		{560C53CD-083F-4BED-A6DC-808350CE0A36}.Release|Any CPU.ActiveCfg = Release|Any CPU
		{560C53CD-083F-4BED-A6DC-808350CE0A36}.Release|Any CPU.Build.0 = Release|Any CPU
	EndGlobalSection
	GlobalSection(SolutionProperties) = preSolution
		HideSolutionNode = FALSE
	EndGlobalSection
	GlobalSection(ExtensibilityGlobals) = postSolution
		SolutionGuid = {F1B7EA32-C401-4942-BF1C-B258BE9DC58B}
	EndGlobalSection
EndGlobal
